
Microsoft Visual Studio Solution File, Format Version 12.00
# Visual Studio Version 17
VisualStudioVersion = 17.4.33122.133
MinimumVisualStudioVersion = 10.0.40219.1
Project("{FAE04EC0-301F-11D3-BF4B-00C04F79EFBC}") = "SharkChat", "SharkChat\SharkChat.csproj", "{7B0077A2-6E9E-4F99-B4C6-44D037E8711A}"
EndProject
Global
	GlobalSection(SolutionConfigurationPlatforms) = preSolution
		Debug|Any CPU = Debug|Any CPU
		Release|Any CPU = Release|Any CPU
	EndGlobalSection
	GlobalSection(ProjectConfigurationPlatforms) = postSolution
		{7B0077A2-6E9E-4F99-B4C6-44D037E8711A}.Debug|Any CPU.ActiveCfg = Debug|Any CPU
		{7B0077A2-6E9E-4F99-B4C6-44D037E8711A}.Debug|Any CPU.Build.0 = Debug|Any CPU
		{7B0077A2-6E9E-4F99-B4C6-44D037E8711A}.Release|Any CPU.ActiveCfg = Release|Any CPU
		{7B0077A2-6E9E-4F99-B4C6-44D037E8711A}.Release|Any CPU.Build.0 = Release|Any CPU
	EndGlobalSection
	GlobalSection(SolutionProperties) = preSolution
		HideSolutionNode = FALSE
	EndGlobalSection
	GlobalSection(ExtensibilityGlobals) = postSolution
		SolutionGuid = {4EF82593-B9FA-40FF-85A1-28C03A92D892}
	EndGlobalSection
EndGlobal
